
Microsoft Visual Studio Solution File, Format Version 12.00
# Visual Studio 15
VisualStudioVersion = 15.0.27130.2027
MinimumVisualStudioVersion = 10.0.40219.1
Project("{9A19103F-16F7-4668-BE54-9A1E7A4F7556}") = "Xrm.Example.LateBound", "Xrm.Example.LateBound\Xrm.Example.LateBound.csproj", "{58B4BCB4-166E-455C-B470-2003AD7F9EF9}"
EndProject
Project("{9A19103F-16F7-4668-BE54-9A1E7A4F7556}") = "Xrm.Example.CustomEarlyBound", "Xrm.Example.CustomEarlyBound\Xrm.Example.CustomEarlyBound.csproj", "{B65260C1-FCCD-4BC6-9A20-7A71E38D7C98}"
EndProject
Project("{9A19103F-16F7-4668-BE54-9A1E7A4F7556}") = "Xrm.Example.CustomEarlyBound.Tests", "Xrm.Example.CustomEarlyBound.Tests\Xrm.Example.CustomEarlyBound.Tests.csproj", "{60D27B01-B80B-4A29-9962-03C7DECECBBD}"
EndProject
Project("{9A19103F-16F7-4668-BE54-9A1E7A4F7556}") = "Xrm.Example.LateBound.Tests", "Xrm.Example.LateBound.Tests\Xrm.Example.LateBound.Tests.csproj", "{EC89C50D-4102-463F-AD69-3A78452A85C9}"
EndProject
Project("{FAE04EC0-301F-11D3-BF4B-00C04F79EFBC}") = "Xrm.Example.CrmSvcUtilEarlyBound", "Xrm.Example.CrmSvcUtilEarlyBound\Xrm.Example.CrmSvcUtilEarlyBound.csproj", "{5C9FF1A1-2543-46F5-8AB7-127E3BE87ABF}"
EndProject
Project("{FAE04EC0-301F-11D3-BF4B-00C04F79EFBC}") = "Xrm.Example.CrmSvcUtilEarlyBound.Tests", "Xrm.Example.CrmSvcUtilEarlyBound.Tests\Xrm.Example.CrmSvcUtilEarlyBound.Tests.csproj", "{B520A98D-9B7F-4859-A3C7-8C0207FC506E}"
EndProject
Global
	GlobalSection(SolutionConfigurationPlatforms) = preSolution
		Debug|Any CPU = Debug|Any CPU
		Release|Any CPU = Release|Any CPU
	EndGlobalSection
	GlobalSection(ProjectConfigurationPlatforms) = postSolution
		{58B4BCB4-166E-455C-B470-2003AD7F9EF9}.Debug|Any CPU.ActiveCfg = Debug|Any CPU
		{58B4BCB4-166E-455C-B470-2003AD7F9EF9}.Debug|Any CPU.Build.0 = Debug|Any CPU
		{58B4BCB4-166E-455C-B470-2003AD7F9EF9}.Release|Any CPU.ActiveCfg = Release|Any CPU
		{58B4BCB4-166E-455C-B470-2003AD7F9EF9}.Release|Any CPU.Build.0 = Release|Any CPU
		{B65260C1-FCCD-4BC6-9A20-7A71E38D7C98}.Debug|Any CPU.ActiveCfg = Debug|Any CPU
		{B65260C1-FCCD-4BC6-9A20-7A71E38D7C98}.Debug|Any CPU.Build.0 = Debug|Any CPU
		{B65260C1-FCCD-4BC6-9A20-7A71E38D7C98}.Release|Any CPU.ActiveCfg = Release|Any CPU
		{B65260C1-FCCD-4BC6-9A20-7A71E38D7C98}.Release|Any CPU.Build.0 = Release|Any CPU
		{60D27B01-B80B-4A29-9962-03C7DECECBBD}.Debug|Any CPU.ActiveCfg = Debug|Any CPU
		{60D27B01-B80B-4A29-9962-03C7DECECBBD}.Debug|Any CPU.Build.0 = Debug|Any CPU
		{60D27B01-B80B-4A29-9962-03C7DECECBBD}.Release|Any CPU.ActiveCfg = Release|Any CPU
		{60D27B01-B80B-4A29-9962-03C7DECECBBD}.Release|Any CPU.Build.0 = Release|Any CPU
		{EC89C50D-4102-463F-AD69-3A78452A85C9}.Debug|Any CPU.ActiveCfg = Debug|Any CPU
		{EC89C50D-4102-463F-AD69-3A78452A85C9}.Debug|Any CPU.Build.0 = Debug|Any CPU
		{EC89C50D-4102-463F-AD69-3A78452A85C9}.Release|Any CPU.ActiveCfg = Release|Any CPU
		{EC89C50D-4102-463F-AD69-3A78452A85C9}.Release|Any CPU.Build.0 = Release|Any CPU
		{5C9FF1A1-2543-46F5-8AB7-127E3BE87ABF}.Debug|Any CPU.ActiveCfg = Debug|Any CPU
		{5C9FF1A1-2543-46F5-8AB7-127E3BE87ABF}.Debug|Any CPU.Build.0 = Debug|Any CPU
		{5C9FF1A1-2543-46F5-8AB7-127E3BE87ABF}.Release|Any CPU.ActiveCfg = Release|Any CPU
		{5C9FF1A1-2543-46F5-8AB7-127E3BE87ABF}.Release|Any CPU.Build.0 = Release|Any CPU
		{B520A98D-9B7F-4859-A3C7-8C0207FC506E}.Debug|Any CPU.ActiveCfg = Debug|Any CPU
		{B520A98D-9B7F-4859-A3C7-8C0207FC506E}.Debug|Any CPU.Build.0 = Debug|Any CPU
		{B520A98D-9B7F-4859-A3C7-8C0207FC506E}.Release|Any CPU.ActiveCfg = Release|Any CPU
		{B520A98D-9B7F-4859-A3C7-8C0207FC506E}.Release|Any CPU.Build.0 = Release|Any CPU
	EndGlobalSection
	GlobalSection(SolutionProperties) = preSolution
		HideSolutionNode = FALSE
	EndGlobalSection
	GlobalSection(ExtensibilityGlobals) = postSolution
		SolutionGuid = {9C9BC281-8CED-405A-9A16-47CB2E0B8D0D}
	EndGlobalSection
EndGlobal
